
Microsoft Visual Studio Solution File, Format Version 12.00
# Visual Studio Version 17
VisualStudioVersion = 17.11.35312.102
MinimumVisualStudioVersion = 10.0.40219.1
Project("{2150E333-8FDC-42A3-9474-1A3956D46DE8}") = "Core", "Core", "{E6BEA98B-8C86-412A-889B-B989C06F45BE}"
EndProject
Project("{2150E333-8FDC-42A3-9474-1A3956D46DE8}") = "src", "src", "{2B04E38B-E93F-4A66-9359-E9BB65764A43}"
EndProject
Project("{2150E333-8FDC-42A3-9474-1A3956D46DE8}") = "test", "test", "{2647CB03-2808-4F79-A10A-06384944F405}"
EndProject
Project("{2150E333-8FDC-42A3-9474-1A3956D46DE8}") = "API", "API", "{CE96F4EF-E2E4-42EA-84F8-308F41D9109D}"
EndProject
Project("{2150E333-8FDC-42A3-9474-1A3956D46DE8}") = "Infrastructure", "Infrastructure", "{95AEFA58-BE36-429D-BFF3-892CDBCDFA7B}"
EndProject
Project("{9A19103F-16F7-4668-BE54-9A1E7A4F7556}") = "SampleToDo.Application", "src\SampleToDo.Application\SampleToDo.Application.csproj", "{0A40A7CF-2F62-4072-B228-4581BABB50E0}"
EndProject
Project("{9A19103F-16F7-4668-BE54-9A1E7A4F7556}") = "SampleToDo.Domain", "src\SampleToDo.Domain\SampleToDo.Domain.csproj", "{264ABD83-7EF7-4622-865E-6D336CC54032}"
EndProject
Project("{9A19103F-16F7-4668-BE54-9A1E7A4F7556}") = "SampleToDo.WebApi", "src\SampleToDo.WebApi\SampleToDo.WebApi.csproj", "{E65F4686-033E-46EA-9785-DD3BDA12E4C8}"
EndProject
Project("{9A19103F-16F7-4668-BE54-9A1E7A4F7556}") = "SampleToDo.Infrastructure.Persistence", "src\SampleToDo.Infrastructure.Persistence\SampleToDo.Infrastructure.Persistence.csproj", "{5E6BB640-6478-47C3-BD6F-15DC78166336}"
EndProject
Project("{9A19103F-16F7-4668-BE54-9A1E7A4F7556}") = "SampleToDo.DomainBase", "src\SampleToDo.DomainBase\SampleToDo.DomainBase.csproj", "{FE05AB1C-0E29-4877-9042-4D83AF003ECE}"
EndProject
Project("{FAE04EC0-301F-11D3-BF4B-00C04F79EFBC}") = "UnitTest.Application", "src\UnitTest.Application\UnitTest.Application.csproj", "{5F175480-8332-4E45-8DB1-AA9F1C82738F}"
EndProject
Global
	GlobalSection(SolutionConfigurationPlatforms) = preSolution
		Debug|Any CPU = Debug|Any CPU
		Release|Any CPU = Release|Any CPU
	EndGlobalSection
	GlobalSection(ProjectConfigurationPlatforms) = postSolution
		{0A40A7CF-2F62-4072-B228-4581BABB50E0}.Debug|Any CPU.ActiveCfg = Debug|Any CPU
		{0A40A7CF-2F62-4072-B228-4581BABB50E0}.Debug|Any CPU.Build.0 = Debug|Any CPU
		{0A40A7CF-2F62-4072-B228-4581BABB50E0}.Release|Any CPU.ActiveCfg = Release|Any CPU
		{0A40A7CF-2F62-4072-B228-4581BABB50E0}.Release|Any CPU.Build.0 = Release|Any CPU
		{264ABD83-7EF7-4622-865E-6D336CC54032}.Debug|Any CPU.ActiveCfg = Debug|Any CPU
		{264ABD83-7EF7-4622-865E-6D336CC54032}.Debug|Any CPU.Build.0 = Debug|Any CPU
		{264ABD83-7EF7-4622-865E-6D336CC54032}.Release|Any CPU.ActiveCfg = Release|Any CPU
		{264ABD83-7EF7-4622-865E-6D336CC54032}.Release|Any CPU.Build.0 = Release|Any CPU
		{E65F4686-033E-46EA-9785-DD3BDA12E4C8}.Debug|Any CPU.ActiveCfg = Debug|Any CPU
		{E65F4686-033E-46EA-9785-DD3BDA12E4C8}.Debug|Any CPU.Build.0 = Debug|Any CPU
		{E65F4686-033E-46EA-9785-DD3BDA12E4C8}.Release|Any CPU.ActiveCfg = Release|Any CPU
		{E65F4686-033E-46EA-9785-DD3BDA12E4C8}.Release|Any CPU.Build.0 = Release|Any CPU
		{5E6BB640-6478-47C3-BD6F-15DC78166336}.Debug|Any CPU.ActiveCfg = Debug|Any CPU
		{5E6BB640-6478-47C3-BD6F-15DC78166336}.Debug|Any CPU.Build.0 = Debug|Any CPU
		{5E6BB640-6478-47C3-BD6F-15DC78166336}.Release|Any CPU.ActiveCfg = Release|Any CPU
		{5E6BB640-6478-47C3-BD6F-15DC78166336}.Release|Any CPU.Build.0 = Release|Any CPU
		{FE05AB1C-0E29-4877-9042-4D83AF003ECE}.Debug|Any CPU.ActiveCfg = Debug|Any CPU
		{FE05AB1C-0E29-4877-9042-4D83AF003ECE}.Debug|Any CPU.Build.0 = Debug|Any CPU
		{FE05AB1C-0E29-4877-9042-4D83AF003ECE}.Release|Any CPU.ActiveCfg = Release|Any CPU
		{FE05AB1C-0E29-4877-9042-4D83AF003ECE}.Release|Any CPU.Build.0 = Release|Any CPU
		{5F175480-8332-4E45-8DB1-AA9F1C82738F}.Debug|Any CPU.ActiveCfg = Debug|Any CPU
		{5F175480-8332-4E45-8DB1-AA9F1C82738F}.Debug|Any CPU.Build.0 = Debug|Any CPU
		{5F175480-8332-4E45-8DB1-AA9F1C82738F}.Release|Any CPU.ActiveCfg = Release|Any CPU
		{5F175480-8332-4E45-8DB1-AA9F1C82738F}.Release|Any CPU.Build.0 = Release|Any CPU
	EndGlobalSection
	GlobalSection(SolutionProperties) = preSolution
		HideSolutionNode = FALSE
	EndGlobalSection
	GlobalSection(NestedProjects) = preSolution
		{E6BEA98B-8C86-412A-889B-B989C06F45BE} = {2B04E38B-E93F-4A66-9359-E9BB65764A43}
		{2647CB03-2808-4F79-A10A-06384944F405} = {2B04E38B-E93F-4A66-9359-E9BB65764A43}
		{CE96F4EF-E2E4-42EA-84F8-308F41D9109D} = {2B04E38B-E93F-4A66-9359-E9BB65764A43}
		{95AEFA58-BE36-429D-BFF3-892CDBCDFA7B} = {2B04E38B-E93F-4A66-9359-E9BB65764A43}
		{0A40A7CF-2F62-4072-B228-4581BABB50E0} = {E6BEA98B-8C86-412A-889B-B989C06F45BE}
		{264ABD83-7EF7-4622-865E-6D336CC54032} = {E6BEA98B-8C86-412A-889B-B989C06F45BE}
		{E65F4686-033E-46EA-9785-DD3BDA12E4C8} = {CE96F4EF-E2E4-42EA-84F8-308F41D9109D}
		{5E6BB640-6478-47C3-BD6F-15DC78166336} = {95AEFA58-BE36-429D-BFF3-892CDBCDFA7B}
		{FE05AB1C-0E29-4877-9042-4D83AF003ECE} = {E6BEA98B-8C86-412A-889B-B989C06F45BE}
		{5F175480-8332-4E45-8DB1-AA9F1C82738F} = {2647CB03-2808-4F79-A10A-06384944F405}
	EndGlobalSection
	GlobalSection(ExtensibilityGlobals) = postSolution
		SolutionGuid = {4D95B6F1-06AA-472A-8998-8CDF68B99A2C}
	EndGlobalSection
EndGlobal
